
Microsoft Visual Studio Solution File, Format Version 12.00
# Visual Studio Version 17
VisualStudioVersion = 17.14.36429.23 d17.14
MinimumVisualStudioVersion = 10.0.40219.1
Project("{8BC9CEB8-8B4A-11D0-8D11-00A0C91BC942}") = "datastruct_11_3_1", "datastruct_11_3_1\datastruct_11_3_1.vcxproj", "{246B495A-11D1-482A-A7EB-BF0639C477F8}"
EndProject
Global
	GlobalSection(SolutionConfigurationPlatforms) = preSolution
		Debug|x64 = Debug|x64
		Debug|x86 = Debug|x86
		Release|x64 = Release|x64
		Release|x86 = Release|x86
	EndGlobalSection
	GlobalSection(ProjectConfigurationPlatforms) = postSolution
		{246B495A-11D1-482A-A7EB-BF0639C477F8}.Debug|x64.ActiveCfg = Debug|x64
		{246B495A-11D1-482A-A7EB-BF0639C477F8}.Debug|x64.Build.0 = Debug|x64
		{246B495A-11D1-482A-A7EB-BF0639C477F8}.Debug|x86.ActiveCfg = Debug|Win32
		{246B495A-11D1-482A-A7EB-BF0639C477F8}.Debug|x86.Build.0 = Debug|Win32
		{246B495A-11D1-482A-A7EB-BF0639C477F8}.Release|x64.ActiveCfg = Release|x64
		{246B495A-11D1-482A-A7EB-BF0639C477F8}.Release|x64.Build.0 = Release|x64
		{246B495A-11D1-482A-A7EB-BF0639C477F8}.Release|x86.ActiveCfg = Release|Win32
		{246B495A-11D1-482A-A7EB-BF0639C477F8}.Release|x86.Build.0 = Release|Win32
	EndGlobalSection
	GlobalSection(SolutionProperties) = preSolution
		HideSolutionNode = FALSE
	EndGlobalSection
	GlobalSection(ExtensibilityGlobals) = postSolution
		SolutionGuid = {0CE7AD2A-DBB4-4BAB-8903-F3A95FE29734}
	EndGlobalSection
EndGlobal
